
Microsoft Visual Studio Solution File, Format Version 12.00
# Visual Studio Version 17
VisualStudioVersion = 17.2.32630.192
MinimumVisualStudioVersion = 10.0.40219.1
Project("{FAE04EC0-301F-11D3-BF4B-00C04F79EFBC}") = "QA-webapp-050822", "QA-webapp-050822\QA-webapp-050822.csproj", "{94413DF5-CC5F-4F74-95BD-87848319A1D3}"
EndProject
Global
	GlobalSection(SolutionConfigurationPlatforms) = preSolution
		Debug|Any CPU = Debug|Any CPU
		Release|Any CPU = Release|Any CPU
	EndGlobalSection
	GlobalSection(ProjectConfigurationPlatforms) = postSolution
		{94413DF5-CC5F-4F74-95BD-87848319A1D3}.Debug|Any CPU.ActiveCfg = Debug|Any CPU
		{94413DF5-CC5F-4F74-95BD-87848319A1D3}.Debug|Any CPU.Build.0 = Debug|Any CPU
		{94413DF5-CC5F-4F74-95BD-87848319A1D3}.Release|Any CPU.ActiveCfg = Release|Any CPU
		{94413DF5-CC5F-4F74-95BD-87848319A1D3}.Release|Any CPU.Build.0 = Release|Any CPU
	EndGlobalSection
	GlobalSection(SolutionProperties) = preSolution
		HideSolutionNode = FALSE
	EndGlobalSection
	GlobalSection(ExtensibilityGlobals) = postSolution
		SolutionGuid = {230E34AC-0D47-4010-AA5A-6DF2D773DB8D}
	EndGlobalSection
EndGlobal
